{
  "name": "@failed-successfully/ngx-darkbox-gallery",
  "version": "1.3.0",
  "lockfileVersion": 3,
  "requires": true,
  "packages": {
    "": {
      "name": "@failed-successfully/ngx-darkbox-gallery",
      "version": "1.3.0",
      "license": "Apache-2.0 License",
      "dependencies": {
        "tslib": "2.6.2"
      },
      "peerDependencies": {
        "@angular/common": "^12.0.0 || ^13.0.0 || ^14.0.0 || ^15.0.0 || ^16.0.0 || ^17.0.0",
        "@angular/core": "^12.0.0 || ^13.0.0 || ^14.0.0 || ^15.0.0 || ^16.0.0 || ^17.0.0"
      }
    },
    "node_modules/@angular/common": {
      "version": "17.0.8",
      "resolved": "https://registry.npmjs.org/@angular/common/-/common-17.0.8.tgz",
      "integrity": "sha512-fFfwtdg7H+OkqnvV/ENu8F8KGfgIiH16DDbQqYY5KQyyQB+SMsoVW29F1fGx6Y30s7ZlsLOy6cHhgrw74itkSw==",
      "peer": true,
      "dependencies": {
        "tslib": "^2.3.0"
      },
      "engines": {
        "node": "^18.13.0 || >=20.9.0"
      },
      "peerDependencies": {
        "@angular/core": "17.0.8",
        "rxjs": "^6.5.3 || ^7.4.0"
      }
    },
    "node_modules/@angular/core": {
      "version": "17.0.8",
      "resolved": "https://registry.npmjs.org/@angular/core/-/core-17.0.8.tgz",
      "integrity": "sha512-tzYsK24LdkNuKNJK6efF4XOqspvF/qOe9j/n1Y61a6mNvFwsJFGbcmdZMby4hI/YRm6oIDoIIFjSep8ycp6Pbw==",
      "peer": true,
      "dependencies": {
        "tslib": "^2.3.0"
      },
      "engines": {
        "node": "^18.13.0 || >=20.9.0"
      },
      "peerDependencies": {
        "rxjs": "^6.5.3 || ^7.4.0",
        "zone.js": "~0.14.0"
      }
    },
    "node_modules/rxjs": {
      "version": "7.8.0",
      "resolved": "https://registry.npmjs.org/rxjs/-/rxjs-7.8.0.tgz",
      "integrity": "sha512-F2+gxDshqmIub1KdvZkaEfGDwLNpPvk9Fs6LD/MyQxNgMds/WH9OdDDXOmxUZpME+iSK3rQCctkL0DYyytUqMg==",
      "peer": true,
      "dependencies": {
        "tslib": "^2.1.0"
      }
    },
    "node_modules/tslib": {
      "version": "2.6.2",
      "resolved": "https://registry.npmjs.org/tslib/-/tslib-2.6.2.tgz",
      "integrity": "sha512-AEYxH93jGFPn/a2iVAwW87VuUIkR1FVUKB77NwMF7nBTDkDrrT/Hpt/IrCJ0QXhW27jTBDcf5ZY7w6RiqTMw2Q=="
    },
    "node_modules/zone.js": {
      "version": "0.14.2",
      "resolved": "https://registry.npmjs.org/zone.js/-/zone.js-0.14.2.tgz",
      "integrity": "sha512-X4U7J1isDhoOmHmFWiLhloWc2lzMkdnumtfQ1LXzf/IOZp5NQYuMUTaviVzG/q1ugMBIXzin2AqeVJUoSEkNyQ==",
      "peer": true,
      "dependencies": {
        "tslib": "^2.3.0"
      }
    }
  }
}
